// !$*UTF8*$!
{
	archiveVersion = 1;
	classes = {
	};
	objectVersion = 55;
	objects = {

/* Begin PBXBuildFile section */
		960B77DE27E5E4A300C29C4A /* AppDelegate.swift in Sources */ = {isa = PBXBuildFile; fileRef = 960B77DD27E5E4A300C29C4A /* AppDelegate.swift */; };
		960B77E027E5E4A300C29C4A /* SceneDelegate.swift in Sources */ = {isa = PBXBuildFile; fileRef = 960B77DF27E5E4A300C29C4A /* SceneDelegate.swift */; };
		960B77E227E5E4A300C29C4A /* ViewController.swift in Sources */ = {isa = PBXBuildFile; fileRef = 960B77E127E5E4A300C29C4A /* ViewController.swift */; };
		960B77E527E5E4A300C29C4A /* Main.storyboard in Resources */ = {isa = PBXBuildFile; fileRef = 960B77E327E5E4A300C29C4A /* Main.storyboard */; };
		960B77E827E5E4A300C29C4A /* Mother_Message.xcdatamodeld in Sources */ = {isa = PBXBuildFile; fileRef = 960B77E627E5E4A300C29C4A /* Mother_Message.xcdatamodeld */; };
		960B77EA27E5E4A800C29C4A /* Assets.xcassets in Resources */ = {isa = PBXBuildFile; fileRef = 960B77E927E5E4A800C29C4A /* Assets.xcassets */; };
		960B77ED27E5E4A800C29C4A /* LaunchScreen.storyboard in Resources */ = {isa = PBXBuildFile; fileRef = 960B77EB27E5E4A800C29C4A /* LaunchScreen.storyboard */; };
/* End PBXBuildFile section */

/* Begin PBXFileReference section */
		960B77DA27E5E4A300C29C4A /* Mother-Message.app */ = {isa = PBXFileReference; explicitFileType = wrapper.application; includeInIndex = 0; path = "Mother-Message.app"; sourceTree = BUILT_PRODUCTS_DIR; };
		960B77DD27E5E4A300C29C4A /* AppDelegate.swift */ = {isa = PBXFileReference; lastKnownFileType = sourcecode.swift; path = AppDelegate.swift; sourceTree = "<group>"; };
		960B77DF27E5E4A300C29C4A /* SceneDelegate.swift */ = {isa = PBXFileReference; lastKnownFileType = sourcecode.swift; path = SceneDelegate.swift; sourceTree = "<group>"; };
		960B77E127E5E4A300C29C4A /* ViewController.swift */ = {isa = PBXFileReference; lastKnownFileType = sourcecode.swift; path = ViewController.swift; sourceTree = "<group>"; };
		960B77E427E5E4A300C29C4A /* Base */ = {isa = PBXFileReference; lastKnownFileType = file.storyboard; name = Base; path = Base.lproj/Main.storyboard; sourceTree = "<group>"; };
		960B77E727E5E4A300C29C4A /* Mother_Message.xcdatamodel */ = {isa = PBXFileReference; lastKnownFileType = wrapper.xcdatamodel; path = Mother_Message.xcdatamodel; sourceTree = "<group>"; };
		960B77E927E5E4A800C29C4A /* Assets.xcassets */ = {isa = PBXFileReference; lastKnownFileType = folder.assetcatalog; path = Assets.xcassets; sourceTree = "<group>"; };
		960B77EC27E5E4A800C29C4A /* Base */ = {isa = PBXFileReference; lastKnownFileType = file.storyboard; name = Base; path = Base.lproj/LaunchScreen.storyboard; sourceTree = "<group>"; };
		960B77EE27E5E4A800C29C4A /* Info.plist */ = {isa = PBXFileReference; lastKnownFileType = text.plist.xml; path = Info.plist; sourceTree = "<group>"; };
/* End PBXFileReference section */

/* Begin PBXFrameworksBuildPhase section */
		960B77D727E5E4A300C29C4A /* Frameworks */ = {
			isa = PBXFrameworksBuildPhase;
			buildActionMask = 2147483647;
			files = (
			);
			runOnlyForDeploymentPostprocessing = 0;
		};
/* End PBXFrameworksBuildPhase section */

/* Begin PBXGroup section */
		960B77D127E5E4A300C29C4A = {
			isa = PBXGroup;
			children = (
				960B77DC27E5E4A300C29C4A /* Mother-Message */,
				960B77DB27E5E4A300C29C4A /* Products */,
			);
			sourceTree = "<group>";
		};
		960B77DB27E5E4A300C29C4A /* Products */ = {
			isa = PBXGroup;
			children = (
				960B77DA27E5E4A300C29C4A /* Mother-Message.app */,
			);
			name = Products;
			sourceTree = "<group>";
		};
		960B77DC27E5E4A300C29C4A /* Mother-Message */ = {
			isa = PBXGroup;
			children = (
				960B77DD27E5E4A300C29C4A /* AppDelegate.swift */,
				960B77DF27E5E4A300C29C4A /* SceneDelegate.swift */,
				960B77E127E5E4A300C29C4A /* ViewController.swift */,
				960B77E327E5E4A300C29C4A /* Main.storyboard */,
				960B77E927E5E4A800C29C4A /* Assets.xcassets */,
				960B77EB27E5E4A800C29C4A /* LaunchScreen.storyboard */,
				960B77EE27E5E4A800C29C4A /* Info.plist */,
				960B77E627E5E4A300C29C4A /* Mother_Message.xcdatamodeld */,
			);
			path = "Mother-Message";
			sourceTree = "<group>";
		};
/* End PBXGroup section */

/* Begin PBXNativeTarget section */
		960B77D927E5E4A300C29C4A /* Mother-Message */ = {
			isa = PBXNativeTarget;
			buildConfigurationList = 960B77F127E5E4A800C29C4A /* Build configuration list for PBXNativeTarget "Mother-Message" */;
			buildPhases = (
				960B77D627E5E4A300C29C4A /* Sources */,
				960B77D727E5E4A300C29C4A /* Frameworks */,
				960B77D827E5E4A300C29C4A /* Resources */,
			);
			buildRules = (
			);
			dependencies = (
			);
			name = "Mother-Message";
			productName = "Mother-Message";
			productReference = 960B77DA27E5E4A300C29C4A /* Mother-Message.app */;
			productType = "com.apple.product-type.application";
		};
/* End PBXNativeTarget section */

/* Begin PBXProject section */
		960B77D227E5E4A300C29C4A /* Project object */ = {
			isa = PBXProject;
			attributes = {
				BuildIndependentTargetsInParallel = 1;
				LastSwiftUpdateCheck = 1300;
				LastUpgradeCheck = 1300;
				TargetAttributes = {
					960B77D927E5E4A300C29C4A = {
						CreatedOnToolsVersion = 13.0;
					};
				};
			};
			buildConfigurationList = 960B77D527E5E4A300C29C4A /* Build configuration list for PBXProject "Mother-Message" */;
			compatibilityVersion = "Xcode 13.0";
			developmentRegion = en;
			hasScannedForEncodings = 0;
			knownRegions = (
				en,
				Base,
			);
			mainGroup = 960B77D127E5E4A300C29C4A;
			productRefGroup = 960B77DB27E5E4A300C29C4A /* Products */;
			projectDirPath = "";
			projectRoot = "";
			targets = (
				960B77D927E5E4A300C29C4A /* Mother-Message */,
			);
		};
/* End PBXProject section */

/* Begin PBXResourcesBuildPhase section */
		960B77D827E5E4A300C29C4A /* Resources */ = {
			isa = PBXResourcesBuildPhase;
			buildActionMask = 2147483647;
			files = (
				960B77ED27E5E4A800C29C4A /* LaunchScreen.storyboard in Resources */,
				960B77EA27E5E4A800C29C4A /* Assets.xcassets in Resources */,
				960B77E527E5E4A300C29C4A /* Main.storyboard in Resources */,
			);
			runOnlyForDeploymentPostprocessing = 0;
		};
/* End PBXResourcesBuildPhase section */

/* Begin PBXSourcesBuildPhase section */
		960B77D627E5E4A300C29C4A /* Sources */ = {
			isa = PBXSourcesBuildPhase;
			buildActionMask = 2147483647;
			files = (
				960B77E227E5E4A300C29C4A /* ViewController.swift in Sources */,
				960B77DE27E5E4A300C29C4A /* AppDelegate.swift in Sources */,
				960B77E827E5E4A300C29C4A /* Mother_Message.xcdatamodeld in Sources */,
				960B77E027E5E4A300C29C4A /* SceneDelegate.swift in Sources */,
			);
			runOnlyForDeploymentPostprocessing = 0;
		};
/* End PBXSourcesBuildPhase section */

/* Begin PBXVariantGroup section */
		960B77E327E5E4A300C29C4A /* Main.storyboard */ = {
			isa = PBXVariantGroup;
			children = (
				960B77E427E5E4A300C29C4A /* Base */,
			);
			name = Main.storyboard;
			sourceTree = "<group>";
		};
		960B77EB27E5E4A800C29C4A /* LaunchScreen.storyboard */ = {
			isa = PBXVariantGroup;
			children = (
				960B77EC27E5E4A800C29C4A /* Base */,
			);
			name = LaunchScreen.storyboard;
			sourceTree = "<group>";
		};
/* End PBXVariantGroup section */

/* Begin XCBuildConfiguration section */
		960B77EF27E5E4A800C29C4A /* Debug */ = {
			isa = XCBuildConfiguration;
			buildSettings = {
				ALWAYS_SEARCH_USER_PATHS = NO;
				CLANG_ANALYZER_NONNULL = YES;
				CLANG_ANALYZER_NUMBER_OBJECT_CONVERSION = YES_AGGRESSIVE;
				CLANG_CXX_LANGUAGE_STANDARD = "gnu++17";
				CLANG_CXX_LIBRARY = "libc++";
				CLANG_ENABLE_MODULES = YES;
				CLANG_ENABLE_OBJC_ARC = YES;
				CLANG_ENABLE_OBJC_WEAK = YES;
				CLANG_WARN_BLOCK_CAPTURE_AUTORELEASING = YES;
				CLANG_WARN_BOOL_CONVERSION = YES;
				CLANG_WARN_COMMA = YES;
				CLANG_WARN_CONSTANT_CONVERSION = YES;
				CLANG_WARN_DEPRECATED_OBJC_IMPLEMENTATIONS = YES;
				CLANG_WARN_DIRECT_OBJC_ISA_USAGE = YES_ERROR;
				CLANG_WARN_DOCUMENTATION_COMMENTS = YES;
				CLANG_WARN_EMPTY_BODY = YES;
				CLANG_WARN_ENUM_CONVERSION = YES;
				CLANG_WARN_INFINITE_RECURSION = YES;
				CLANG_WARN_INT_CONVERSION = YES;
				CLANG_WARN_NON_LITERAL_NULL_CONVERSION = YES;
				CLANG_WARN_OBJC_IMPLICIT_RETAIN_SELF = YES;
				CLANG_WARN_OBJC_LITERAL_CONVERSION = YES;
				CLANG_WARN_OBJC_ROOT_CLASS = YES_ERROR;
				CLANG_WARN_QUOTED_INCLUDE_IN_FRAMEWORK_HEADER = YES;
				CLANG_WARN_RANGE_LOOP_ANALYSIS = YES;
				CLANG_WARN_STRICT_PROTOTYPES = YES;
				CLANG_WARN_SUSPICIOUS_MOVE = YES;
				CLANG_WARN_UNGUARDED_AVAILABILITY = YES_AGGRESSIVE;
				CLANG_WARN_UNREACHABLE_CODE = YES;
				CLANG_WARN__DUPLICATE_METHOD_MATCH = YES;
				COPY_PHASE_STRIP = NO;
				DEBUG_INFORMATION_FORMAT = dwarf;
				ENABLE_STRICT_OBJC_MSGSEND = YES;
				ENABLE_TESTABILITY = YES;
				GCC_C_LANGUAGE_STANDARD = gnu11;
				GCC_DYNAMIC_NO_PIC = NO;
				GCC_NO_COMMON_BLOCKS = YES;
				GCC_OPTIMIZATION_LEVEL = 0;
				GCC_PREPROCESSOR_DEFINITIONS = (
					"DEBUG=1",
					"$(inherited)",
				);
				GCC_WARN_64_TO_32_BIT_CONVERSION = YES;
				GCC_WARN_ABOUT_RETURN_TYPE = YES_ERROR;
				GCC_WARN_UNDECLARED_SELECTOR = YES;
				GCC_WARN_UNINITIALIZED_AUTOS = YES_AGGRESSIVE;
				GCC_WARN_UNUSED_FUNCTION = YES;
				GCC_WARN_UNUSED_VARIABLE = YES;
				IPHONEOS_DEPLOYMENT_TARGET = 15.0;
				MTL_ENABLE_DEBUG_INFO = INCLUDE_SOURCE;
				MTL_FAST_MATH = YES;
				ONLY_ACTIVE_ARCH = YES;
				SDKROOT = iphoneos;
				SWIFT_ACTIVE_COMPILATION_CONDITIONS = DEBUG;
				SWIFT_OPTIMIZATION_LEVEL = "-Onone";
			};
			name = Debug;
		};
		960B77F027E5E4A800C29C4A /* Release */ = {
			isa = XCBuildConfiguration;
			buildSettings = {
				ALWAYS_SEARCH_USER_PATHS = NO;
				CLANG_ANALYZER_NONNULL = YES;
				CLANG_ANALYZER_NUMBER_OBJECT_CONVERSION = YES_AGGRESSIVE;
				CLANG_CXX_LANGUAGE_STANDARD = "gnu++17";
				CLANG_CXX_LIBRARY = "libc++";
				CLANG_ENABLE_MODULES = YES;
				CLANG_ENABLE_OBJC_ARC = YES;
				CLANG_ENABLE_OBJC_WEAK = YES;
				CLANG_WARN_BLOCK_CAPTURE_AUTORELEASING = YES;
				CLANG_WARN_BOOL_CONVERSION = YES;
				CLANG_WARN_COMMA = YES;
				CLANG_WARN_CONSTANT_CONVERSION = YES;
				CLANG_WARN_DEPRECATED_OBJC_IMPLEMENTATIONS = YES;
				CLANG_WARN_DIRECT_OBJC_ISA_USAGE = YES_ERROR;
				CLANG_WARN_DOCUMENTATION_COMMENTS = YES;
				CLANG_WARN_EMPTY_BODY = YES;
				CLANG_WARN_ENUM_CONVERSION = YES;
				CLANG_WARN_INFINITE_RECURSION = YES;
				CLANG_WARN_INT_CONVERSION = YES;
				CLANG_WARN_NON_LITERAL_NULL_CONVERSION = YES;
				CLANG_WARN_OBJC_IMPLICIT_RETAIN_SELF = YES;
				CLANG_WARN_OBJC_LITERAL_CONVERSION = YES;
				CLANG_WARN_OBJC_ROOT_CLASS = YES_ERROR;
				CLANG_WARN_QUOTED_INCLUDE_IN_FRAMEWORK_HEADER = YES;
				CLANG_WARN_RANGE_LOOP_ANALYSIS = YES;
				CLANG_WARN_STRICT_PROTOTYPES = YES;
				CLANG_WARN_SUSPICIOUS_MOVE = YES;
				CLANG_WARN_UNGUARDED_AVAILABILITY = YES_AGGRESSIVE;
				CLANG_WARN_UNREACHABLE_CODE = YES;
				CLANG_WARN__DUPLICATE_METHOD_MATCH = YES;
				COPY_PHASE_STRIP = NO;
				DEBUG_INFORMATION_FORMAT = "dwarf-with-dsym";
				ENABLE_NS_ASSERTIONS = NO;
				ENABLE_STRICT_OBJC_MSGSEND = YES;
				GCC_C_LANGUAGE_STANDARD = gnu11;
				GCC_NO_COMMON_BLOCKS = YES;
				GCC_WARN_64_TO_32_BIT_CONVERSION = YES;
				GCC_WARN_ABOUT_RETURN_TYPE = YES_ERROR;
				GCC_WARN_UNDECLARED_SELECTOR = YES;
				GCC_WARN_UNINITIALIZED_AUTOS = YES_AGGRESSIVE;
				GCC_WARN_UNUSED_FUNCTION = YES;
				GCC_WARN_UNUSED_VARIABLE = YES;
				IPHONEOS_DEPLOYMENT_TARGET = 15.0;
				MTL_ENABLE_DEBUG_INFO = NO;
				MTL_FAST_MATH = YES;
				SDKROOT = iphoneos;
				SWIFT_COMPILATION_MODE = wholemodule;
				SWIFT_OPTIMIZATION_LEVEL = "-O";
				VALIDATE_PRODUCT = YES;
			};
			name = Release;
		};
		960B77F227E5E4A800C29C4A /* Debug */ = {
			isa = XCBuildConfiguration;
			buildSettings = {
				ASSETCATALOG_COMPILER_APPICON_NAME = AppIcon;
				ASSETCATALOG_COMPILER_GLOBAL_ACCENT_COLOR_NAME = AccentColor;
				CODE_SIGN_STYLE = Automatic;
				CURRENT_PROJECT_VERSION = 1;
				DEVELOPMENT_TEAM = DLG7YMAG67;
				GENERATE_INFOPLIST_FILE = YES;
				INFOPLIST_FILE = "Mother-Message/Info.plist";
				INFOPLIST_KEY_UIApplicationSupportsIndirectInputEvents = YES;
				INFOPLIST_KEY_UILaunchStoryboardName = LaunchScreen;
				INFOPLIST_KEY_UIMainStoryboardFile = Main;
				INFOPLIST_KEY_UISupportedInterfaceOrientations_iPad = "UIInterfaceOrientationPortrait UIInterfaceOrientationPortraitUpsideDown UIInterfaceOrientationLandscapeLeft UIInterfaceOrientationLandscapeRight";
				INFOPLIST_KEY_UISupportedInterfaceOrientations_iPhone = "UIInterfaceOrientationPortrait UIInterfaceOrientationLandscapeLeft UIInterfaceOrientationLandscapeRight";
				LD_RUNPATH_SEARCH_PATHS = (
					"$(inherited)",
					"@executable_path/Frameworks",
				);
				MARKETING_VERSION = 1.0;
				PRODUCT_BUNDLE_IDENTIFIER = "co.uk.neurify.Mother-Message";
				PRODUCT_NAME = "$(TARGET_NAME)";
				SWIFT_EMIT_LOC_STRINGS = YES;
				SWIFT_VERSION = 5.0;
				TARGETED_DEVICE_FAMILY = "1,2";
			};
			name = Debug;
		};
		960B77F327E5E4A800C29C4A /* Release */ = {
			isa = XCBuildConfiguration;
			buildSettings = {
				ASSETCATALOG_COMPILER_APPICON_NAME = AppIcon;
				ASSETCATALOG_COMPILER_GLOBAL_ACCENT_COLOR_NAME = AccentColor;
				CODE_SIGN_STYLE = Automatic;
				CURRENT_PROJECT_VERSION = 1;
				DEVELOPMENT_TEAM = DLG7YMAG67;
				GENERATE_INFOPLIST_FILE = YES;
				INFOPLIST_FILE = "Mother-Message/Info.plist";
				INFOPLIST_KEY_UIApplicationSupportsIndirectInputEvents = YES;
				INFOPLIST_KEY_UILaunchStoryboardName = LaunchScreen;
				INFOPLIST_KEY_UIMainStoryboardFile = Main;
				INFOPLIST_KEY_UISupportedInterfaceOrientations_iPad = "UIInterfaceOrientationPortrait UIInterfaceOrientationPortraitUpsideDown UIInterfaceOrientationLandscapeLeft UIInterfaceOrientationLandscapeRight";
				INFOPLIST_KEY_UISupportedInterfaceOrientations_iPhone = "UIInterfaceOrientationPortrait UIInterfaceOrientationLandscapeLeft UIInterfaceOrientationLandscapeRight";
				LD_RUNPATH_SEARCH_PATHS = (
					"$(inherited)",
					"@executable_path/Frameworks",
				);
				MARKETING_VERSION = 1.0;
				PRODUCT_BUNDLE_IDENTIFIER = "co.uk.neurify.Mother-Message";
				PRODUCT_NAME = "$(TARGET_NAME)";
				SWIFT_EMIT_LOC_STRINGS = YES;
				SWIFT_VERSION = 5.0;
				TARGETED_DEVICE_FAMILY = "1,2";
			};
			name = Release;
		};
/* End XCBuildConfiguration section */

/* Begin XCConfigurationList section */
		960B77D527E5E4A300C29C4A /* Build configuration list for PBXProject "Mother-Message" */ = {
			isa = XCConfigurationList;
			buildConfigurations = (
				960B77EF27E5E4A800C29C4A /* Debug */,
				960B77F027E5E4A800C29C4A /* Release */,
			);
			defaultConfigurationIsVisible = 0;
			defaultConfigurationName = Release;
		};
		960B77F127E5E4A800C29C4A /* Build configuration list for PBXNativeTarget "Mother-Message" */ = {
			isa = XCConfigurationList;
			buildConfigurations = (
				960B77F227E5E4A800C29C4A /* Debug */,
				960B77F327E5E4A800C29C4A /* Release */,
			);
			defaultConfigurationIsVisible = 0;
			defaultConfigurationName = Release;
		};
/* End XCConfigurationList section */

/* Begin XCVersionGroup section */
		960B77E627E5E4A300C29C4A /* Mother_Message.xcdatamodeld */ = {
			isa = XCVersionGroup;
			children = (
				960B77E727E5E4A300C29C4A /* Mother_Message.xcdatamodel */,
			);
			currentVersion = 960B77E727E5E4A300C29C4A /* Mother_Message.xcdatamodel */;
			path = Mother_Message.xcdatamodeld;
			sourceTree = "<group>";
			versionGroupType = wrapper.xcdatamodel;
		};
/* End XCVersionGroup section */
	};
	rootObject = 960B77D227E5E4A300C29C4A /* Project object */;
}
