// !$*UTF8*$!
{
	archiveVersion = 1;
	classes = {
	};
	objectVersion = 55;
	objects = {

/* Begin PBXBuildFile section */
		960B77DE27E5E4A300C29C4A /* AppDelegate.swift in Sources */ = {isa = PBXBuildFile; fileRef = 960B77DD27E5E4A300C29C4A /* AppDelegate.swift */; };
		960B77E027E5E4A300C29C4A /* SceneDelegate.swift in Sources */ = {isa = PBXBuildFile; fileRef = 960B77DF27E5E4A300C29C4A /* SceneDelegate.swift */; };
		960B77E527E5E4A300C29C4A /* Main.storyboard in Resources */ = {isa = PBXBuildFile; fileRef = 960B77E327E5E4A300C29C4A /* Main.storyboard */; };
		960B77E827E5E4A300C29C4A /* Mother_Message.xcdatamodeld in Sources */ = {isa = PBXBuildFile; fileRef = 960B77E627E5E4A300C29C4A /* Mother_Message.xcdatamodeld */; };
		960B77EA27E5E4A800C29C4A /* Assets.xcassets in Resources */ = {isa = PBXBuildFile; fileRef = 960B77E927E5E4A800C29C4A /* Assets.xcassets */; };
		960B77ED27E5E4A800C29C4A /* LaunchScreen.storyboard in Resources */ = {isa = PBXBuildFile; fileRef = 960B77EB27E5E4A800C29C4A /* LaunchScreen.storyboard */; };
		960B77F527E5E64400C29C4A /* MainViewController.swift in Sources */ = {isa = PBXBuildFile; fileRef = 960B77F427E5E64400C29C4A /* MainViewController.swift */; };
		960B77F727E5EB1700C29C4A /* PreferencesViewController.swift in Sources */ = {isa = PBXBuildFile; fileRef = 960B77F627E5EB1700C29C4A /* PreferencesViewController.swift */; };
		961E0C3A27E63CB0005A4765 /* NotificationHelper.swift in Sources */ = {isa = PBXBuildFile; fileRef = 961E0C3927E63CB0005A4765 /* NotificationHelper.swift */; };
		961E0C4A27E6467F005A4765 /* Nunito-SemiBold.ttf in Resources */ = {isa = PBXBuildFile; fileRef = 961E0C3C27E64670005A4765 /* Nunito-SemiBold.ttf */; };
		961E0C4B27E6467F005A4765 /* Nunito-Light.ttf in Resources */ = {isa = PBXBuildFile; fileRef = 961E0C3D27E64671005A4765 /* Nunito-Light.ttf */; };
		961E0C4C27E6467F005A4765 /* Nunito-Bold.ttf in Resources */ = {isa = PBXBuildFile; fileRef = 961E0C3E27E64672005A4765 /* Nunito-Bold.ttf */; };
		961E0C4D27E6467F005A4765 /* Nunito-LightItalic.ttf in Resources */ = {isa = PBXBuildFile; fileRef = 961E0C3F27E64673005A4765 /* Nunito-LightItalic.ttf */; };
		961E0C4E27E6467F005A4765 /* Nunito-SemiBoldItalic.ttf in Resources */ = {isa = PBXBuildFile; fileRef = 961E0C4027E64675005A4765 /* Nunito-SemiBoldItalic.ttf */; };
		961E0C4F27E6467F005A4765 /* Nunito-BoldItalic.ttf in Resources */ = {isa = PBXBuildFile; fileRef = 961E0C4127E64676005A4765 /* Nunito-BoldItalic.ttf */; };
		961E0C5027E6467F005A4765 /* Nunito-Regular.ttf in Resources */ = {isa = PBXBuildFile; fileRef = 961E0C4227E64677005A4765 /* Nunito-Regular.ttf */; };
		961E0C5127E6467F005A4765 /* Nunito-Black.ttf in Resources */ = {isa = PBXBuildFile; fileRef = 961E0C4327E64678005A4765 /* Nunito-Black.ttf */; };
		961E0C5227E6467F005A4765 /* Nunito-BlackItalic.ttf in Resources */ = {isa = PBXBuildFile; fileRef = 961E0C4427E64679005A4765 /* Nunito-BlackItalic.ttf */; };
		961E0C5327E6467F005A4765 /* Nunito-ExtraBold.ttf in Resources */ = {isa = PBXBuildFile; fileRef = 961E0C4527E6467B005A4765 /* Nunito-ExtraBold.ttf */; };
		961E0C5427E6467F005A4765 /* Nunito-ExtraLight.ttf in Resources */ = {isa = PBXBuildFile; fileRef = 961E0C4627E6467C005A4765 /* Nunito-ExtraLight.ttf */; };
		961E0C5527E6467F005A4765 /* Nunito-ExtraLightItalic.ttf in Resources */ = {isa = PBXBuildFile; fileRef = 961E0C4727E6467D005A4765 /* Nunito-ExtraLightItalic.ttf */; };
		961E0C5627E6467F005A4765 /* Nunito-ExtraBoldItalic.ttf in Resources */ = {isa = PBXBuildFile; fileRef = 961E0C4827E6467E005A4765 /* Nunito-ExtraBoldItalic.ttf */; };
		961E0C5727E6467F005A4765 /* Nunito-Italic.ttf in Resources */ = {isa = PBXBuildFile; fileRef = 961E0C4927E6467F005A4765 /* Nunito-Italic.ttf */; };
		96E5489F27E5F7FA0053E686 /* GoogleService-Info.plist in Resources */ = {isa = PBXBuildFile; fileRef = 96E5489E27E5F7FA0053E686 /* GoogleService-Info.plist */; };
		9D3DE94F1FFB8EB47C4A8386 /* Pods_Mother_Message.framework in Frameworks */ = {isa = PBXBuildFile; fileRef = 49DDF4F6BF64DC8BFF6DDB77 /* Pods_Mother_Message.framework */; };
/* End PBXBuildFile section */

/* Begin PBXFileReference section */
		13C20B25FE5FC21D219F711C /* Pods-Mother-Message.release.xcconfig */ = {isa = PBXFileReference; includeInIndex = 1; lastKnownFileType = text.xcconfig; name = "Pods-Mother-Message.release.xcconfig"; path = "Target Support Files/Pods-Mother-Message/Pods-Mother-Message.release.xcconfig"; sourceTree = "<group>"; };
		49DDF4F6BF64DC8BFF6DDB77 /* Pods_Mother_Message.framework */ = {isa = PBXFileReference; explicitFileType = wrapper.framework; includeInIndex = 0; path = Pods_Mother_Message.framework; sourceTree = BUILT_PRODUCTS_DIR; };
		6A5216876AA421A4B9977B93 /* Pods-Mother-Message.debug.xcconfig */ = {isa = PBXFileReference; includeInIndex = 1; lastKnownFileType = text.xcconfig; name = "Pods-Mother-Message.debug.xcconfig"; path = "Target Support Files/Pods-Mother-Message/Pods-Mother-Message.debug.xcconfig"; sourceTree = "<group>"; };
		960B77DA27E5E4A300C29C4A /* Mother-Message.app */ = {isa = PBXFileReference; explicitFileType = wrapper.application; includeInIndex = 0; path = "Mother-Message.app"; sourceTree = BUILT_PRODUCTS_DIR; };
		960B77DD27E5E4A300C29C4A /* AppDelegate.swift */ = {isa = PBXFileReference; lastKnownFileType = sourcecode.swift; path = AppDelegate.swift; sourceTree = "<group>"; };
		960B77DF27E5E4A300C29C4A /* SceneDelegate.swift */ = {isa = PBXFileReference; lastKnownFileType = sourcecode.swift; path = SceneDelegate.swift; sourceTree = "<group>"; };
		960B77E427E5E4A300C29C4A /* Base */ = {isa = PBXFileReference; lastKnownFileType = file.storyboard; name = Base; path = Base.lproj/Main.storyboard; sourceTree = "<group>"; };
		960B77E727E5E4A300C29C4A /* Mother_Message.xcdatamodel */ = {isa = PBXFileReference; lastKnownFileType = wrapper.xcdatamodel; path = Mother_Message.xcdatamodel; sourceTree = "<group>"; };
		960B77E927E5E4A800C29C4A /* Assets.xcassets */ = {isa = PBXFileReference; lastKnownFileType = folder.assetcatalog; path = Assets.xcassets; sourceTree = "<group>"; };
		960B77EC27E5E4A800C29C4A /* Base */ = {isa = PBXFileReference; lastKnownFileType = file.storyboard; name = Base; path = Base.lproj/LaunchScreen.storyboard; sourceTree = "<group>"; };
		960B77EE27E5E4A800C29C4A /* Info.plist */ = {isa = PBXFileReference; lastKnownFileType = text.plist.xml; path = Info.plist; sourceTree = "<group>"; };
		960B77F427E5E64400C29C4A /* MainViewController.swift */ = {isa = PBXFileReference; lastKnownFileType = sourcecode.swift; path = MainViewController.swift; sourceTree = "<group>"; };
		960B77F627E5EB1700C29C4A /* PreferencesViewController.swift */ = {isa = PBXFileReference; lastKnownFileType = sourcecode.swift; path = PreferencesViewController.swift; sourceTree = "<group>"; };
		960B77F827E5F15300C29C4A /* Mother-Message.entitlements */ = {isa = PBXFileReference; lastKnownFileType = text.plist.entitlements; path = "Mother-Message.entitlements"; sourceTree = "<group>"; };
		961E0C3927E63CB0005A4765 /* NotificationHelper.swift */ = {isa = PBXFileReference; lastKnownFileType = sourcecode.swift; path = NotificationHelper.swift; sourceTree = "<group>"; };
		961E0C3C27E64670005A4765 /* Nunito-SemiBold.ttf */ = {isa = PBXFileReference; lastKnownFileType = file; path = "Nunito-SemiBold.ttf"; sourceTree = "<group>"; };
		961E0C3D27E64671005A4765 /* Nunito-Light.ttf */ = {isa = PBXFileReference; lastKnownFileType = file; path = "Nunito-Light.ttf"; sourceTree = "<group>"; };
		961E0C3E27E64672005A4765 /* Nunito-Bold.ttf */ = {isa = PBXFileReference; lastKnownFileType = file; path = "Nunito-Bold.ttf"; sourceTree = "<group>"; };
		961E0C3F27E64673005A4765 /* Nunito-LightItalic.ttf */ = {isa = PBXFileReference; lastKnownFileType = file; path = "Nunito-LightItalic.ttf"; sourceTree = "<group>"; };
		961E0C4027E64675005A4765 /* Nunito-SemiBoldItalic.ttf */ = {isa = PBXFileReference; lastKnownFileType = file; path = "Nunito-SemiBoldItalic.ttf"; sourceTree = "<group>"; };
		961E0C4127E64676005A4765 /* Nunito-BoldItalic.ttf */ = {isa = PBXFileReference; lastKnownFileType = file; path = "Nunito-BoldItalic.ttf"; sourceTree = "<group>"; };
		961E0C4227E64677005A4765 /* Nunito-Regular.ttf */ = {isa = PBXFileReference; lastKnownFileType = file; path = "Nunito-Regular.ttf"; sourceTree = "<group>"; };
		961E0C4327E64678005A4765 /* Nunito-Black.ttf */ = {isa = PBXFileReference; lastKnownFileType = file; path = "Nunito-Black.ttf"; sourceTree = "<group>"; };
		961E0C4427E64679005A4765 /* Nunito-BlackItalic.ttf */ = {isa = PBXFileReference; lastKnownFileType = file; path = "Nunito-BlackItalic.ttf"; sourceTree = "<group>"; };
		961E0C4527E6467B005A4765 /* Nunito-ExtraBold.ttf */ = {isa = PBXFileReference; lastKnownFileType = file; path = "Nunito-ExtraBold.ttf"; sourceTree = "<group>"; };
		961E0C4627E6467C005A4765 /* Nunito-ExtraLight.ttf */ = {isa = PBXFileReference; lastKnownFileType = file; path = "Nunito-ExtraLight.ttf"; sourceTree = "<group>"; };
		961E0C4727E6467D005A4765 /* Nunito-ExtraLightItalic.ttf */ = {isa = PBXFileReference; lastKnownFileType = file; path = "Nunito-ExtraLightItalic.ttf"; sourceTree = "<group>"; };
		961E0C4827E6467E005A4765 /* Nunito-ExtraBoldItalic.ttf */ = {isa = PBXFileReference; lastKnownFileType = file; path = "Nunito-ExtraBoldItalic.ttf"; sourceTree = "<group>"; };
		961E0C4927E6467F005A4765 /* Nunito-Italic.ttf */ = {isa = PBXFileReference; lastKnownFileType = file; path = "Nunito-Italic.ttf"; sourceTree = "<group>"; };
		96E5489E27E5F7FA0053E686 /* GoogleService-Info.plist */ = {isa = PBXFileReference; fileEncoding = 4; lastKnownFileType = text.plist.xml; path = "GoogleService-Info.plist"; sourceTree = "<group>"; };
/* End PBXFileReference section */

/* Begin PBXFrameworksBuildPhase section */
		960B77D727E5E4A300C29C4A /* Frameworks */ = {
			isa = PBXFrameworksBuildPhase;
			buildActionMask = 2147483647;
			files = (
				9D3DE94F1FFB8EB47C4A8386 /* Pods_Mother_Message.framework in Frameworks */,
			);
			runOnlyForDeploymentPostprocessing = 0;
		};
/* End PBXFrameworksBuildPhase section */

/* Begin PBXGroup section */
		3F59DA0B38DC4628921FBE4A /* Frameworks */ = {
			isa = PBXGroup;
			children = (
				49DDF4F6BF64DC8BFF6DDB77 /* Pods_Mother_Message.framework */,
			);
			name = Frameworks;
			sourceTree = "<group>";
		};
		8017C00B68B4AC5BA9FC2F96 /* Pods */ = {
			isa = PBXGroup;
			children = (
				6A5216876AA421A4B9977B93 /* Pods-Mother-Message.debug.xcconfig */,
				13C20B25FE5FC21D219F711C /* Pods-Mother-Message.release.xcconfig */,
			);
			path = Pods;
			sourceTree = "<group>";
		};
		960B77D127E5E4A300C29C4A = {
			isa = PBXGroup;
			children = (
				960B77DC27E5E4A300C29C4A /* Mother-Message */,
				960B77DB27E5E4A300C29C4A /* Products */,
				8017C00B68B4AC5BA9FC2F96 /* Pods */,
				3F59DA0B38DC4628921FBE4A /* Frameworks */,
			);
			sourceTree = "<group>";
		};
		960B77DB27E5E4A300C29C4A /* Products */ = {
			isa = PBXGroup;
			children = (
				960B77DA27E5E4A300C29C4A /* Mother-Message.app */,
			);
			name = Products;
			sourceTree = "<group>";
		};
		960B77DC27E5E4A300C29C4A /* Mother-Message */ = {
			isa = PBXGroup;
			children = (
				961E0C3B27E64647005A4765 /* Fonts */,
				960B77F827E5F15300C29C4A /* Mother-Message.entitlements */,
				960B77DD27E5E4A300C29C4A /* AppDelegate.swift */,
				960B77DF27E5E4A300C29C4A /* SceneDelegate.swift */,
				960B77E327E5E4A300C29C4A /* Main.storyboard */,
				960B77E927E5E4A800C29C4A /* Assets.xcassets */,
				960B77EB27E5E4A800C29C4A /* LaunchScreen.storyboard */,
				960B77EE27E5E4A800C29C4A /* Info.plist */,
				96E5489E27E5F7FA0053E686 /* GoogleService-Info.plist */,
				960B77E627E5E4A300C29C4A /* Mother_Message.xcdatamodeld */,
				960B77F427E5E64400C29C4A /* MainViewController.swift */,
				960B77F627E5EB1700C29C4A /* PreferencesViewController.swift */,
				961E0C3927E63CB0005A4765 /* NotificationHelper.swift */,
			);
			path = "Mother-Message";
			sourceTree = "<group>";
		};
		961E0C3B27E64647005A4765 /* Fonts */ = {
			isa = PBXGroup;
			children = (
				961E0C4327E64678005A4765 /* Nunito-Black.ttf */,
				961E0C4427E64679005A4765 /* Nunito-BlackItalic.ttf */,
				961E0C3E27E64672005A4765 /* Nunito-Bold.ttf */,
				961E0C4127E64676005A4765 /* Nunito-BoldItalic.ttf */,
				961E0C4527E6467B005A4765 /* Nunito-ExtraBold.ttf */,
				961E0C4827E6467E005A4765 /* Nunito-ExtraBoldItalic.ttf */,
				961E0C4627E6467C005A4765 /* Nunito-ExtraLight.ttf */,
				961E0C4727E6467D005A4765 /* Nunito-ExtraLightItalic.ttf */,
				961E0C4927E6467F005A4765 /* Nunito-Italic.ttf */,
				961E0C3D27E64671005A4765 /* Nunito-Light.ttf */,
				961E0C3F27E64673005A4765 /* Nunito-LightItalic.ttf */,
				961E0C4227E64677005A4765 /* Nunito-Regular.ttf */,
				961E0C3C27E64670005A4765 /* Nunito-SemiBold.ttf */,
				961E0C4027E64675005A4765 /* Nunito-SemiBoldItalic.ttf */,
			);
			path = Fonts;
			sourceTree = "<group>";
		};
/* End PBXGroup section */

/* Begin PBXNativeTarget section */
		960B77D927E5E4A300C29C4A /* Mother-Message */ = {
			isa = PBXNativeTarget;
			buildConfigurationList = 960B77F127E5E4A800C29C4A /* Build configuration list for PBXNativeTarget "Mother-Message" */;
			buildPhases = (
				C4B0936DB41F6769CE838C7A /* [CP] Check Pods Manifest.lock */,
				960B77D627E5E4A300C29C4A /* Sources */,
				960B77D727E5E4A300C29C4A /* Frameworks */,
				960B77D827E5E4A300C29C4A /* Resources */,
				8FADBB95EE28C8813696EF77 /* [CP] Embed Pods Frameworks */,
			);
			buildRules = (
			);
			dependencies = (
			);
			name = "Mother-Message";
			productName = "Mother-Message";
			productReference = 960B77DA27E5E4A300C29C4A /* Mother-Message.app */;
			productType = "com.apple.product-type.application";
		};
/* End PBXNativeTarget section */

/* Begin PBXProject section */
		960B77D227E5E4A300C29C4A /* Project object */ = {
			isa = PBXProject;
			attributes = {
				BuildIndependentTargetsInParallel = 1;
				LastSwiftUpdateCheck = 1300;
				LastUpgradeCheck = 1300;
				TargetAttributes = {
					960B77D927E5E4A300C29C4A = {
						CreatedOnToolsVersion = 13.0;
					};
				};
			};
			buildConfigurationList = 960B77D527E5E4A300C29C4A /* Build configuration list for PBXProject "Mother-Message" */;
			compatibilityVersion = "Xcode 13.0";
			developmentRegion = en;
			hasScannedForEncodings = 0;
			knownRegions = (
				en,
				Base,
			);
			mainGroup = 960B77D127E5E4A300C29C4A;
			productRefGroup = 960B77DB27E5E4A300C29C4A /* Products */;
			projectDirPath = "";
			projectRoot = "";
			targets = (
				960B77D927E5E4A300C29C4A /* Mother-Message */,
			);
		};
/* End PBXProject section */

/* Begin PBXResourcesBuildPhase section */
		960B77D827E5E4A300C29C4A /* Resources */ = {
			isa = PBXResourcesBuildPhase;
			buildActionMask = 2147483647;
			files = (
				961E0C5227E6467F005A4765 /* Nunito-BlackItalic.ttf in Resources */,
				961E0C5727E6467F005A4765 /* Nunito-Italic.ttf in Resources */,
				961E0C5027E6467F005A4765 /* Nunito-Regular.ttf in Resources */,
				961E0C4C27E6467F005A4765 /* Nunito-Bold.ttf in Resources */,
				961E0C5627E6467F005A4765 /* Nunito-ExtraBoldItalic.ttf in Resources */,
				961E0C5527E6467F005A4765 /* Nunito-ExtraLightItalic.ttf in Resources */,
				960B77ED27E5E4A800C29C4A /* LaunchScreen.storyboard in Resources */,
				961E0C4D27E6467F005A4765 /* Nunito-LightItalic.ttf in Resources */,
				961E0C4E27E6467F005A4765 /* Nunito-SemiBoldItalic.ttf in Resources */,
				96E5489F27E5F7FA0053E686 /* GoogleService-Info.plist in Resources */,
				961E0C4B27E6467F005A4765 /* Nunito-Light.ttf in Resources */,
				961E0C4F27E6467F005A4765 /* Nunito-BoldItalic.ttf in Resources */,
				961E0C5427E6467F005A4765 /* Nunito-ExtraLight.ttf in Resources */,
				960B77EA27E5E4A800C29C4A /* Assets.xcassets in Resources */,
				960B77E527E5E4A300C29C4A /* Main.storyboard in Resources */,
				961E0C4A27E6467F005A4765 /* Nunito-SemiBold.ttf in Resources */,
				961E0C5127E6467F005A4765 /* Nunito-Black.ttf in Resources */,
				961E0C5327E6467F005A4765 /* Nunito-ExtraBold.ttf in Resources */,
			);
			runOnlyForDeploymentPostprocessing = 0;
		};
/* End PBXResourcesBuildPhase section */

/* Begin PBXShellScriptBuildPhase section */
		8FADBB95EE28C8813696EF77 /* [CP] Embed Pods Frameworks */ = {
			isa = PBXShellScriptBuildPhase;
			buildActionMask = 2147483647;
			files = (
			);
			inputFileListPaths = (
				"${PODS_ROOT}/Target Support Files/Pods-Mother-Message/Pods-Mother-Message-frameworks-${CONFIGURATION}-input-files.xcfilelist",
			);
			name = "[CP] Embed Pods Frameworks";
			outputFileListPaths = (
				"${PODS_ROOT}/Target Support Files/Pods-Mother-Message/Pods-Mother-Message-frameworks-${CONFIGURATION}-output-files.xcfilelist",
			);
			runOnlyForDeploymentPostprocessing = 0;
			shellPath = /bin/sh;
			shellScript = "\"${PODS_ROOT}/Target Support Files/Pods-Mother-Message/Pods-Mother-Message-frameworks.sh\"\n";
			showEnvVarsInLog = 0;
		};
		C4B0936DB41F6769CE838C7A /* [CP] Check Pods Manifest.lock */ = {
			isa = PBXShellScriptBuildPhase;
			buildActionMask = 2147483647;
			files = (
			);
			inputFileListPaths = (
			);
			inputPaths = (
				"${PODS_PODFILE_DIR_PATH}/Podfile.lock",
				"${PODS_ROOT}/Manifest.lock",
			);
			name = "[CP] Check Pods Manifest.lock";
			outputFileListPaths = (
			);
			outputPaths = (
				"$(DERIVED_FILE_DIR)/Pods-Mother-Message-checkManifestLockResult.txt",
			);
			runOnlyForDeploymentPostprocessing = 0;
			shellPath = /bin/sh;
			shellScript = "diff \"${PODS_PODFILE_DIR_PATH}/Podfile.lock\" \"${PODS_ROOT}/Manifest.lock\" > /dev/null\nif [ $? != 0 ] ; then\n    # print error to STDERR\n    echo \"error: The sandbox is not in sync with the Podfile.lock. Run 'pod install' or update your CocoaPods installation.\" >&2\n    exit 1\nfi\n# This output is used by Xcode 'outputs' to avoid re-running this script phase.\necho \"SUCCESS\" > \"${SCRIPT_OUTPUT_FILE_0}\"\n";
			showEnvVarsInLog = 0;
		};
/* End PBXShellScriptBuildPhase section */

/* Begin PBXSourcesBuildPhase section */
		960B77D627E5E4A300C29C4A /* Sources */ = {
			isa = PBXSourcesBuildPhase;
			buildActionMask = 2147483647;
			files = (
				961E0C3A27E63CB0005A4765 /* NotificationHelper.swift in Sources */,
				960B77F727E5EB1700C29C4A /* PreferencesViewController.swift in Sources */,
				960B77DE27E5E4A300C29C4A /* AppDelegate.swift in Sources */,
				960B77E827E5E4A300C29C4A /* Mother_Message.xcdatamodeld in Sources */,
				960B77E027E5E4A300C29C4A /* SceneDelegate.swift in Sources */,
				960B77F527E5E64400C29C4A /* MainViewController.swift in Sources */,
			);
			runOnlyForDeploymentPostprocessing = 0;
		};
/* End PBXSourcesBuildPhase section */

/* Begin PBXVariantGroup section */
		960B77E327E5E4A300C29C4A /* Main.storyboard */ = {
			isa = PBXVariantGroup;
			children = (
				960B77E427E5E4A300C29C4A /* Base */,
			);
			name = Main.storyboard;
			sourceTree = "<group>";
		};
		960B77EB27E5E4A800C29C4A /* LaunchScreen.storyboard */ = {
			isa = PBXVariantGroup;
			children = (
				960B77EC27E5E4A800C29C4A /* Base */,
			);
			name = LaunchScreen.storyboard;
			sourceTree = "<group>";
		};
/* End PBXVariantGroup section */

/* Begin XCBuildConfiguration section */
		960B77EF27E5E4A800C29C4A /* Debug */ = {
			isa = XCBuildConfiguration;
			buildSettings = {
				ALWAYS_SEARCH_USER_PATHS = NO;
				CLANG_ANALYZER_NONNULL = YES;
				CLANG_ANALYZER_NUMBER_OBJECT_CONVERSION = YES_AGGRESSIVE;
				CLANG_CXX_LANGUAGE_STANDARD = "gnu++17";
				CLANG_CXX_LIBRARY = "libc++";
				CLANG_ENABLE_MODULES = YES;
				CLANG_ENABLE_OBJC_ARC = YES;
				CLANG_ENABLE_OBJC_WEAK = YES;
				CLANG_WARN_BLOCK_CAPTURE_AUTORELEASING = YES;
				CLANG_WARN_BOOL_CONVERSION = YES;
				CLANG_WARN_COMMA = YES;
				CLANG_WARN_CONSTANT_CONVERSION = YES;
				CLANG_WARN_DEPRECATED_OBJC_IMPLEMENTATIONS = YES;
				CLANG_WARN_DIRECT_OBJC_ISA_USAGE = YES_ERROR;
				CLANG_WARN_DOCUMENTATION_COMMENTS = YES;
				CLANG_WARN_EMPTY_BODY = YES;
				CLANG_WARN_ENUM_CONVERSION = YES;
				CLANG_WARN_INFINITE_RECURSION = YES;
				CLANG_WARN_INT_CONVERSION = YES;
				CLANG_WARN_NON_LITERAL_NULL_CONVERSION = YES;
				CLANG_WARN_OBJC_IMPLICIT_RETAIN_SELF = YES;
				CLANG_WARN_OBJC_LITERAL_CONVERSION = YES;
				CLANG_WARN_OBJC_ROOT_CLASS = YES_ERROR;
				CLANG_WARN_QUOTED_INCLUDE_IN_FRAMEWORK_HEADER = YES;
				CLANG_WARN_RANGE_LOOP_ANALYSIS = YES;
				CLANG_WARN_STRICT_PROTOTYPES = YES;
				CLANG_WARN_SUSPICIOUS_MOVE = YES;
				CLANG_WARN_UNGUARDED_AVAILABILITY = YES_AGGRESSIVE;
				CLANG_WARN_UNREACHABLE_CODE = YES;
				CLANG_WARN__DUPLICATE_METHOD_MATCH = YES;
				COPY_PHASE_STRIP = NO;
				DEBUG_INFORMATION_FORMAT = dwarf;
				ENABLE_STRICT_OBJC_MSGSEND = YES;
				ENABLE_TESTABILITY = YES;
				GCC_C_LANGUAGE_STANDARD = gnu11;
				GCC_DYNAMIC_NO_PIC = NO;
				GCC_NO_COMMON_BLOCKS = YES;
				GCC_OPTIMIZATION_LEVEL = 0;
				GCC_PREPROCESSOR_DEFINITIONS = (
					"DEBUG=1",
					"$(inherited)",
				);
				GCC_WARN_64_TO_32_BIT_CONVERSION = YES;
				GCC_WARN_ABOUT_RETURN_TYPE = YES_ERROR;
				GCC_WARN_UNDECLARED_SELECTOR = YES;
				GCC_WARN_UNINITIALIZED_AUTOS = YES_AGGRESSIVE;
				GCC_WARN_UNUSED_FUNCTION = YES;
				GCC_WARN_UNUSED_VARIABLE = YES;
				IPHONEOS_DEPLOYMENT_TARGET = 14.0;
				MTL_ENABLE_DEBUG_INFO = INCLUDE_SOURCE;
				MTL_FAST_MATH = YES;
				ONLY_ACTIVE_ARCH = YES;
				SDKROOT = iphoneos;
				SWIFT_ACTIVE_COMPILATION_CONDITIONS = DEBUG;
				SWIFT_OPTIMIZATION_LEVEL = "-Onone";
			};
			name = Debug;
		};
		960B77F027E5E4A800C29C4A /* Release */ = {
			isa = XCBuildConfiguration;
			buildSettings = {
				ALWAYS_SEARCH_USER_PATHS = NO;
				CLANG_ANALYZER_NONNULL = YES;
				CLANG_ANALYZER_NUMBER_OBJECT_CONVERSION = YES_AGGRESSIVE;
				CLANG_CXX_LANGUAGE_STANDARD = "gnu++17";
				CLANG_CXX_LIBRARY = "libc++";
				CLANG_ENABLE_MODULES = YES;
				CLANG_ENABLE_OBJC_ARC = YES;
				CLANG_ENABLE_OBJC_WEAK = YES;
				CLANG_WARN_BLOCK_CAPTURE_AUTORELEASING = YES;
				CLANG_WARN_BOOL_CONVERSION = YES;
				CLANG_WARN_COMMA = YES;
				CLANG_WARN_CONSTANT_CONVERSION = YES;
				CLANG_WARN_DEPRECATED_OBJC_IMPLEMENTATIONS = YES;
				CLANG_WARN_DIRECT_OBJC_ISA_USAGE = YES_ERROR;
				CLANG_WARN_DOCUMENTATION_COMMENTS = YES;
				CLANG_WARN_EMPTY_BODY = YES;
				CLANG_WARN_ENUM_CONVERSION = YES;
				CLANG_WARN_INFINITE_RECURSION = YES;
				CLANG_WARN_INT_CONVERSION = YES;
				CLANG_WARN_NON_LITERAL_NULL_CONVERSION = YES;
				CLANG_WARN_OBJC_IMPLICIT_RETAIN_SELF = YES;
				CLANG_WARN_OBJC_LITERAL_CONVERSION = YES;
				CLANG_WARN_OBJC_ROOT_CLASS = YES_ERROR;
				CLANG_WARN_QUOTED_INCLUDE_IN_FRAMEWORK_HEADER = YES;
				CLANG_WARN_RANGE_LOOP_ANALYSIS = YES;
				CLANG_WARN_STRICT_PROTOTYPES = YES;
				CLANG_WARN_SUSPICIOUS_MOVE = YES;
				CLANG_WARN_UNGUARDED_AVAILABILITY = YES_AGGRESSIVE;
				CLANG_WARN_UNREACHABLE_CODE = YES;
				CLANG_WARN__DUPLICATE_METHOD_MATCH = YES;
				COPY_PHASE_STRIP = NO;
				DEBUG_INFORMATION_FORMAT = "dwarf-with-dsym";
				ENABLE_NS_ASSERTIONS = NO;
				ENABLE_STRICT_OBJC_MSGSEND = YES;
				GCC_C_LANGUAGE_STANDARD = gnu11;
				GCC_NO_COMMON_BLOCKS = YES;
				GCC_WARN_64_TO_32_BIT_CONVERSION = YES;
				GCC_WARN_ABOUT_RETURN_TYPE = YES_ERROR;
				GCC_WARN_UNDECLARED_SELECTOR = YES;
				GCC_WARN_UNINITIALIZED_AUTOS = YES_AGGRESSIVE;
				GCC_WARN_UNUSED_FUNCTION = YES;
				GCC_WARN_UNUSED_VARIABLE = YES;
				IPHONEOS_DEPLOYMENT_TARGET = 14.0;
				MTL_ENABLE_DEBUG_INFO = NO;
				MTL_FAST_MATH = YES;
				SDKROOT = iphoneos;
				SWIFT_COMPILATION_MODE = wholemodule;
				SWIFT_OPTIMIZATION_LEVEL = "-O";
				VALIDATE_PRODUCT = YES;
			};
			name = Release;
		};
		960B77F227E5E4A800C29C4A /* Debug */ = {
			isa = XCBuildConfiguration;
			baseConfigurationReference = 6A5216876AA421A4B9977B93 /* Pods-Mother-Message.debug.xcconfig */;
			buildSettings = {
				ASSETCATALOG_COMPILER_APPICON_NAME = AppIcon;
				ASSETCATALOG_COMPILER_GLOBAL_ACCENT_COLOR_NAME = AccentColor;
				CODE_SIGN_ENTITLEMENTS = "Mother-Message/Mother-Message.entitlements";
				CODE_SIGN_STYLE = Automatic;
				CURRENT_PROJECT_VERSION = 1;
				DEVELOPMENT_TEAM = DLG7YMAG67;
				GENERATE_INFOPLIST_FILE = YES;
				INFOPLIST_FILE = "Mother-Message/Info.plist";
				INFOPLIST_KEY_UIApplicationSupportsIndirectInputEvents = YES;
				INFOPLIST_KEY_UILaunchStoryboardName = LaunchScreen;
				INFOPLIST_KEY_UIMainStoryboardFile = Main;
				INFOPLIST_KEY_UISupportedInterfaceOrientations_iPad = "UIInterfaceOrientationPortrait UIInterfaceOrientationPortraitUpsideDown UIInterfaceOrientationLandscapeLeft UIInterfaceOrientationLandscapeRight";
				INFOPLIST_KEY_UISupportedInterfaceOrientations_iPhone = "UIInterfaceOrientationPortrait UIInterfaceOrientationLandscapeLeft UIInterfaceOrientationLandscapeRight";
				IPHONEOS_DEPLOYMENT_TARGET = 14.0;
				LD_RUNPATH_SEARCH_PATHS = (
					"$(inherited)",
					"@executable_path/Frameworks",
				);
				MARKETING_VERSION = 1.0;
				PRODUCT_BUNDLE_IDENTIFIER = "co.uk.neurify.Mother-Message";
				PRODUCT_NAME = "$(TARGET_NAME)";
				SWIFT_EMIT_LOC_STRINGS = YES;
				SWIFT_VERSION = 5.0;
				TARGETED_DEVICE_FAMILY = 1;
			};
			name = Debug;
		};
		960B77F327E5E4A800C29C4A /* Release */ = {
			isa = XCBuildConfiguration;
			baseConfigurationReference = 13C20B25FE5FC21D219F711C /* Pods-Mother-Message.release.xcconfig */;
			buildSettings = {
				ASSETCATALOG_COMPILER_APPICON_NAME = AppIcon;
				ASSETCATALOG_COMPILER_GLOBAL_ACCENT_COLOR_NAME = AccentColor;
				CODE_SIGN_ENTITLEMENTS = "Mother-Message/Mother-Message.entitlements";
				CODE_SIGN_STYLE = Automatic;
				CURRENT_PROJECT_VERSION = 1;
				DEVELOPMENT_TEAM = DLG7YMAG67;
				GENERATE_INFOPLIST_FILE = YES;
				INFOPLIST_FILE = "Mother-Message/Info.plist";
				INFOPLIST_KEY_UIApplicationSupportsIndirectInputEvents = YES;
				INFOPLIST_KEY_UILaunchStoryboardName = LaunchScreen;
				INFOPLIST_KEY_UIMainStoryboardFile = Main;
				INFOPLIST_KEY_UISupportedInterfaceOrientations_iPad = "UIInterfaceOrientationPortrait UIInterfaceOrientationPortraitUpsideDown UIInterfaceOrientationLandscapeLeft UIInterfaceOrientationLandscapeRight";
				INFOPLIST_KEY_UISupportedInterfaceOrientations_iPhone = "UIInterfaceOrientationPortrait UIInterfaceOrientationLandscapeLeft UIInterfaceOrientationLandscapeRight";
				IPHONEOS_DEPLOYMENT_TARGET = 14.0;
				LD_RUNPATH_SEARCH_PATHS = (
					"$(inherited)",
					"@executable_path/Frameworks",
				);
				MARKETING_VERSION = 1.0;
				PRODUCT_BUNDLE_IDENTIFIER = "co.uk.neurify.Mother-Message";
				PRODUCT_NAME = "$(TARGET_NAME)";
				SWIFT_EMIT_LOC_STRINGS = YES;
				SWIFT_VERSION = 5.0;
				TARGETED_DEVICE_FAMILY = 1;
			};
			name = Release;
		};
/* End XCBuildConfiguration section */

/* Begin XCConfigurationList section */
		960B77D527E5E4A300C29C4A /* Build configuration list for PBXProject "Mother-Message" */ = {
			isa = XCConfigurationList;
			buildConfigurations = (
				960B77EF27E5E4A800C29C4A /* Debug */,
				960B77F027E5E4A800C29C4A /* Release */,
			);
			defaultConfigurationIsVisible = 0;
			defaultConfigurationName = Release;
		};
		960B77F127E5E4A800C29C4A /* Build configuration list for PBXNativeTarget "Mother-Message" */ = {
			isa = XCConfigurationList;
			buildConfigurations = (
				960B77F227E5E4A800C29C4A /* Debug */,
				960B77F327E5E4A800C29C4A /* Release */,
			);
			defaultConfigurationIsVisible = 0;
			defaultConfigurationName = Release;
		};
/* End XCConfigurationList section */

/* Begin XCVersionGroup section */
		960B77E627E5E4A300C29C4A /* Mother_Message.xcdatamodeld */ = {
			isa = XCVersionGroup;
			children = (
				960B77E727E5E4A300C29C4A /* Mother_Message.xcdatamodel */,
			);
			currentVersion = 960B77E727E5E4A300C29C4A /* Mother_Message.xcdatamodel */;
			path = Mother_Message.xcdatamodeld;
			sourceTree = "<group>";
			versionGroupType = wrapper.xcdatamodel;
		};
/* End XCVersionGroup section */
	};
	rootObject = 960B77D227E5E4A300C29C4A /* Project object */;
}
